schema: '2.0'
stages:
  data_ingestion:
    cmd: python src/data_ingestion.py
    deps:
    - path: src/data_ingestion.py
      hash: md5
      md5: 0eac7c7bc3c196561255c4ea02ffbd7b
      size: 3641
    params:
      params.yaml:
        data_ingestion.test_size: 0.15
    outs:
    - path: data/raw
      hash: md5
      md5: 97961f893362ed56dad75426638e8648.dir
      size: 479272
      nfiles: 2
  data_preprocessing:
    cmd: python src/data_preprocessing.py
    deps:
    - path: data/raw
      hash: md5
      md5: 97961f893362ed56dad75426638e8648.dir
      size: 479272
      nfiles: 2
    - path: src/data_preprocessing.py
      hash: md5
      md5: e9ebea04c9d30ff330941fec79a034f9
      size: 3935
    outs:
    - path: data/interim
      hash: md5
      md5: 5a09c6cf2fe8256555852d2f39ac22e9.dir
      size: 253920
      nfiles: 2
  feature_engineering:
    cmd: python src/feature_engineering.py
    deps:
    - path: data/interim
      hash: md5
      md5: 5a09c6cf2fe8256555852d2f39ac22e9.dir
      size: 253920
      nfiles: 2
    - path: src/feature_engineering.py
      hash: md5
      md5: 6a3b05165701d769a03caf07d7fc35c9
      size: 3835
    params:
      params.yaml:
        feature_engineering.max_features: 45
    outs:
    - path: data/processed
      hash: md5
      md5: 73859cd5e5b4828129f2a0ed508efa1c.dir
      size: 1057997
      nfiles: 2
  model_building:
    cmd: python src/model_building.py
    deps:
    - path: data/processed
      hash: md5
      md5: 73859cd5e5b4828129f2a0ed508efa1c.dir
      size: 1057997
      nfiles: 2
    - path: src/model_building.py
      hash: md5
      md5: 6fdf98970aa302d912a516aea721f0de
      size: 4382
    params:
      params.yaml:
        model_building.n_estimators: 25
        model_building.random_state: 2
    outs:
    - path: models/model.pkl
      hash: md5
      md5: fca3970f43ddb3204bcebacfa820bf6f
      size: 984088
  model_evaluation:
    cmd: python src/model_evaluation.py
    deps:
    - path: models/model.pkl
      hash: md5
      md5: fca3970f43ddb3204bcebacfa820bf6f
      size: 984088
    - path: src/model_evaluation.py
      hash: md5
      md5: 676217a7b866416430e35ef4b0b4f5e3
      size: 3518
    outs:
    - path: reports/metrics.json
      hash: md5
      md5: 28a4ceae4d4aa8a3d92b30c95e736e3f
      size: 140
