schema: '2.0'
stages:
  data_ingestion:
    cmd: python src/data_ingestion.py
    deps:
    - path: src/data_ingestion.py
      hash: md5
      md5: 0eac7c7bc3c196561255c4ea02ffbd7b
      size: 3641
    params:
      params.yaml:
        data_ingestion.test_size: 0.3
    outs:
    - path: data/raw
      hash: md5
      md5: 6c14fc5d4581715d0c084959eeff4b01.dir
      size: 479272
      nfiles: 2
  data_preprocessing:
    cmd: python src/data_preprocessing.py
    deps:
    - path: data/raw
      hash: md5
      md5: 6c14fc5d4581715d0c084959eeff4b01.dir
      size: 479272
      nfiles: 2
    - path: src/data_preprocessing.py
      hash: md5
      md5: e9ebea04c9d30ff330941fec79a034f9
      size: 3935
    outs:
    - path: data/interim
      hash: md5
      md5: 91d80631b72bc88148c9f0c49789af70.dir
      size: 257220
      nfiles: 2
  feature_engineering:
    cmd: python src/feature_engineering.py
    deps:
    - path: data/interim
      hash: md5
      md5: 91d80631b72bc88148c9f0c49789af70.dir
      size: 257220
      nfiles: 2
    - path: src/feature_engineering.py
      hash: md5
      md5: 6a3b05165701d769a03caf07d7fc35c9
      size: 3835
    params:
      params.yaml:
        feature_engineering.max_features: 500
    outs:
    - path: data/processed
      hash: md5
      md5: c64b8b6ec396e693d4dabdb4b6d82cb1.dir
      size: 10988241
      nfiles: 2
  model_building:
    cmd: python src/model_building.py
    deps:
    - path: data/processed
      hash: md5
      md5: c64b8b6ec396e693d4dabdb4b6d82cb1.dir
      size: 10988241
      nfiles: 2
    - path: src/model_building.py
      hash: md5
      md5: 6fdf98970aa302d912a516aea721f0de
      size: 4382
    params:
      params.yaml:
        model_building.n_estimators: 25
        model_building.random_state: 2
    outs:
    - path: models/model.pkl
      hash: md5
      md5: 90a0f613c3342699e51544500221de58
      size: 1654466
  model_evaluation:
    cmd: python src/model_evaluation.py
    deps:
    - path: models/model.pkl
      hash: md5
      md5: 90a0f613c3342699e51544500221de58
      size: 1654466
    - path: src/model_evaluation.py
      hash: md5
      md5: 1fe04f0faf97bcd637897fdad1493fb6
      size: 4527
    outs:
    - path: reports/metrics.json
      hash: md5
      md5: c69b81a79530dbbf40fd550f817764af
      size: 139
